
Microsoft Visual Studio Solution File, Format Version 12.00
# Visual Studio 14
VisualStudioVersion = 14.0.25420.1
MinimumVisualStudioVersion = 10.0.40219.1
Project("{FAE04EC0-301F-11D3-BF4B-00C04F79EFBC}") = "001-StringFormat", "001-StringFormat\001-StringFormat.csproj", "{0BEAFADF-B7B8-450D-99CD-2D9FE9AAA456}"
EndProject
Project("{FAE04EC0-301F-11D3-BF4B-00C04F79EFBC}") = "001-EverythingIsObject", "001-EverythingIsObject\001-EverythingIsObject.csproj", "{EA1F8948-6D65-4124-B859-B6DB9ADAAE62}"
EndProject
Project("{FAE04EC0-301F-11D3-BF4B-00C04F79EFBC}") = "001-RefVrsVal", "001-RefVrsVal\001-RefVrsVal.csproj", "{F98C3E76-E774-40AC-8D5D-1CAED9E946BA}"
EndProject
Project("{FAE04EC0-301F-11D3-BF4B-00C04F79EFBC}") = "002-Classes", "002-Classes\002-Classes.csproj", "{99B41207-DC41-42A4-A34B-B6B9AAF17449}"
EndProject
Project("{FAE04EC0-301F-11D3-BF4B-00C04F79EFBC}") = "002-ItemLib", "002-ItemLib\002-ItemLib.csproj", "{FDC2863B-35A6-43AB-88F7-C0CA7484BA8A}"
EndProject
Project("{2150E333-8FDC-42A3-9474-1A3956D46DE8}") = "Day1", "Day1", "{84D56F13-8655-4A8E-B8B5-68A32CE11995}"
EndProject
Project("{2150E333-8FDC-42A3-9474-1A3956D46DE8}") = "Day2", "Day2", "{21383E0F-FF8F-4A84-8D38-EEC5BAF1F175}"
EndProject
Project("{2150E333-8FDC-42A3-9474-1A3956D46DE8}") = "Day3", "Day3", "{8881DD2E-6BFB-418D-B673-AC336EC56086}"
EndProject
Project("{FAE04EC0-301F-11D3-BF4B-00C04F79EFBC}") = "Exercise2_Classes", "Exercise2_Classes\Exercise2_Classes.csproj", "{D0F50494-1360-4462-83A2-969B7AD932B4}"
EndProject
Project("{FAE04EC0-301F-11D3-BF4B-00C04F79EFBC}") = "002-EqualsOfClasses", "002-EqualsOfClasses\002-EqualsOfClasses.csproj", "{CE5735AC-D155-4D13-945C-0390BD35807F}"
EndProject
Project("{FAE04EC0-301F-11D3-BF4B-00C04F79EFBC}") = "002-ClassMembers", "002-ClassMembers\002-ClassMembers.csproj", "{ED578D42-E069-4411-AF8E-BAE5917D2B5B}"
EndProject
Project("{FAE04EC0-301F-11D3-BF4B-00C04F79EFBC}") = "002-StaticClass", "002-StaticClass\002-StaticClass.csproj", "{5D8FEEC7-7AB6-427B-948B-918C57D26C1D}"
EndProject
Project("{2150E333-8FDC-42A3-9474-1A3956D46DE8}") = "Soloution Items", "Soloution Items", "{7FBE5107-94BD-4A98-8A8D-B6D02A8B5B16}"
	ProjectSection(SolutionItems) = preProject
		exercise 2.txt = exercise 2.txt
		Exercise 2_B.txt = Exercise 2_B.txt
		Exercise 3.txt = Exercise 3.txt
		Exercise 4.txt = Exercise 4.txt
		Exercise 7.txt = Exercise 7.txt
		git_commands.txt = git_commands.txt
		links.md = links.md
	EndProjectSection
EndProject
Project("{2150E333-8FDC-42A3-9474-1A3956D46DE8}") = "ExerciseSolutions", "ExerciseSolutions", "{86756A45-DDE7-49E2-8A1F-CF69B0D6D21E}"
EndProject
Project("{FAE04EC0-301F-11D3-BF4B-00C04F79EFBC}") = "Ex02-Cars", "Ex02-Cars\Ex02-Cars.csproj", "{8671E98B-C424-45C7-B7FD-A5A607FBBEBA}"
EndProject
Project("{FAE04EC0-301F-11D3-BF4B-00C04F79EFBC}") = "001-ReferenceByRef", "001-ReferenceByRef\001-ReferenceByRef.csproj", "{D28FEC69-8267-48B3-9350-F7E7FA8328F8}"
EndProject
Project("{FAE04EC0-301F-11D3-BF4B-00C04F79EFBC}") = "002-HashCode", "002-HashCode\002-HashCode.csproj", "{332AC22F-A7A7-4C8A-8406-81015B9F06B1}"
EndProject
Project("{FAE04EC0-301F-11D3-BF4B-00C04F79EFBC}") = "003-TimerGC", "003-LocalRoot\003-TimerGC.csproj", "{0B89C820-730A-472E-B816-76BF4583D6E3}"
EndProject
Project("{FAE04EC0-301F-11D3-BF4B-00C04F79EFBC}") = "003-Arrays", "003-Arrays\003-Arrays.csproj", "{C13C0A7F-572F-4DAD-A805-2816FB749F16}"
EndProject
Project("{FAE04EC0-301F-11D3-BF4B-00C04F79EFBC}") = "003-Strings", "003-Strings\003-Strings.csproj", "{1BCA1B5D-C83F-4267-ABE4-D239C7949E19}"
EndProject
Project("{FAE04EC0-301F-11D3-BF4B-00C04F79EFBC}") = "003-ArrayUtils", "003-ArrayUtils\003-ArrayUtils.csproj", "{3BCA98CF-EA9B-44E4-ACE9-C26DA3F2F887}"
EndProject
Project("{FAE04EC0-301F-11D3-BF4B-00C04F79EFBC}") = "Ex02B-Strings", "Ex02B-Strings\Ex02B-Strings.csproj", "{27DEB238-BFC1-4A97-B126-FC8FB885DE57}"
EndProject
Project("{FAE04EC0-301F-11D3-BF4B-00C04F79EFBC}") = "Ex2_C_HR_System", "Ex2_C_HR_System\Ex2_C_HR_System.csproj", "{3758F09E-BFB9-4FF7-85AC-0BE3AFC1C2AA}"
EndProject
Project("{FAE04EC0-301F-11D3-BF4B-00C04F79EFBC}") = "EX2_C_HR_Lib", "EX2_C_HR_Lib\EX2_C_HR_Lib.csproj", "{BD610497-4508-4DEA-A69C-D328C9A7CC95}"
EndProject
Project("{FAE04EC0-301F-11D3-BF4B-00C04F79EFBC}") = "004-Inheritance", "001-Inheritance\004-Inheritance.csproj", "{B722ED5F-D2BE-40B5-9C7A-43CCAC633207}"
EndProject
Project("{2150E333-8FDC-42A3-9474-1A3956D46DE8}") = "Day4", "Day4", "{B55FA6A8-0ADE-4BC5-9A84-E17EF10850CE}"
EndProject
Project("{FAE04EC0-301F-11D3-BF4B-00C04F79EFBC}") = "004-Animals", "002-Animals\004-Animals.csproj", "{8C22062F-D126-4803-A687-A2519AE2093B}"
EndProject
Project("{FAE04EC0-301F-11D3-BF4B-00C04F79EFBC}") = "004-SafeCast", "003-SafeCast\004-SafeCast.csproj", "{B2A50D52-5883-4556-A2AD-D9E39B51855E}"
EndProject
Project("{2150E333-8FDC-42A3-9474-1A3956D46DE8}") = "Day5", "Day5", "{F34E5B03-E7A0-4151-9193-EEAE374A28FD}"
EndProject
Project("{FAE04EC0-301F-11D3-BF4B-00C04F79EFBC}") = "005-DelegateIntro", "005-DelegateIntro\005-DelegateIntro.csproj", "{BE2F5B8D-011D-4555-A771-9F6F452D438D}"
EndProject
Project("{FAE04EC0-301F-11D3-BF4B-00C04F79EFBC}") = "005-Enums", "005-Enums\005-Enums.csproj", "{7A31A44A-7EC3-4BD4-AEDE-3B6AEDB01049}"
EndProject
Project("{FAE04EC0-301F-11D3-BF4B-00C04F79EFBC}") = "005-IEnumerable_Intro", "005-IEnumerable_Intro\005-IEnumerable_Intro.csproj", "{CEB4BC56-4AEA-4F48-BA0D-1C179160DA72}"
EndProject
Project("{FAE04EC0-301F-11D3-BF4B-00C04F79EFBC}") = "005-InterfaceCollision", "005-InterfaceCollision\005-InterfaceCollision.csproj", "{758111DC-6196-4592-9660-257EFBB3FA09}"
EndProject
Project("{FAE04EC0-301F-11D3-BF4B-00C04F79EFBC}") = "005-Interfaces", "005-Interfaces\005-Interfaces.csproj", "{2BE6EF27-1647-4A99-9876-7E4DEA3811CE}"
EndProject
Project("{FAE04EC0-301F-11D3-BF4B-00C04F79EFBC}") = "005-Nullable", "005-Nullable\005-Nullable.csproj", "{A8C11E73-1B92-4B5C-A90A-077144A3102E}"
EndProject
Project("{FAE04EC0-301F-11D3-BF4B-00C04F79EFBC}") = "005-Sort", "005-Sort\005-Sort.csproj", "{1980097D-CB8B-42CF-96D4-74F02F460717}"
EndProject
Project("{FAE04EC0-301F-11D3-BF4B-00C04F79EFBC}") = "005-Struct", "005-Struct\005-Struct.csproj", "{8521C0ED-2271-4139-B27D-2710DC38318E}"
EndProject
Project("{2150E333-8FDC-42A3-9474-1A3956D46DE8}") = "Day6-PartA", "Day6-PartA", "{B7816AFF-A5ED-49D5-824A-A8AB1C8BE053}"
EndProject
Project("{FAE04EC0-301F-11D3-BF4B-00C04F79EFBC}") = "002-Pub Sub Delegate", "005 Pub Sub Delegate\002-Pub Sub Delegate.csproj", "{2BC2531C-DA0C-40B5-AE9E-E04530AE9681}"
EndProject
Project("{FAE04EC0-301F-11D3-BF4B-00C04F79EFBC}") = "004-Anonymous Method", "006 Anonymous Method\004-Anonymous Method.csproj", "{B01794CA-2C9C-4C93-8BA5-08B561E4F5C9}"
EndProject
Project("{FAE04EC0-301F-11D3-BF4B-00C04F79EFBC}") = "006-Exercise 7", "006 Exercise 7\006-Exercise 7.csproj", "{E364D9CD-56FB-4DC0-9EE9-3A033BC4BB33}"
EndProject
Project("{FAE04EC0-301F-11D3-BF4B-00C04F79EFBC}") = "003-Timer Delegate", "006 Timer Delegate\003-Timer Delegate.csproj", "{9AA8EA21-9CEE-4D7F-889B-B3B626958B9B}"
EndProject
Project("{2150E333-8FDC-42A3-9474-1A3956D46DE8}") = "Day6-PartB", "Day6-PartB", "{DD5BA4A7-D4A6-48B3-85F9-C99926401418}"
EndProject
Project("{FAE04EC0-301F-11D3-BF4B-00C04F79EFBC}") = "001 Exception Handling", "006B Exception Handling\001 Exception Handling.csproj", "{135F358F-AF11-4E27-904D-CBB4374ED274}"
EndProject
Project("{FAE04EC0-301F-11D3-BF4B-00C04F79EFBC}") = "002 Operator Overloads", "006B Operator Overloads\002 Operator Overloads.csproj", "{4B19819E-EB35-4186-9289-55AAFA1782EB}"
EndProject
Project("{FAE04EC0-301F-11D3-BF4B-00C04F79EFBC}") = "004 Switch", "006B Switch\004 Switch.csproj", "{1DCDA62F-14D8-4802-9D98-E7FAF95FF5A2}"
EndProject
Project("{FAE04EC0-301F-11D3-BF4B-00C04F79EFBC}") = "006 Reflection", "006B Reflection\006 Reflection.csproj", "{892BBCA8-45F2-47E5-A88A-59AFED071AE6}"
EndProject
Project("{FAE04EC0-301F-11D3-BF4B-00C04F79EFBC}") = "005 Exercise 7", "006B Exercise 7\005 Exercise 7.csproj", "{4026B63E-F996-486E-9914-FA0432092CD7}"
EndProject
Project("{FAE04EC0-301F-11D3-BF4B-00C04F79EFBC}") = "003 Pre-Processing Directives", "006B-Pre-Processing Directives\003 Pre-Processing Directives.csproj", "{31B1DF2E-C920-4854-B46B-DE494861FECE}"
EndProject
Project("{FAE04EC0-301F-11D3-BF4B-00C04F79EFBC}") = "008 Attribute", "006B-Attribute\008 Attribute.csproj", "{883BFBAE-854B-4888-9217-59BBFC335F7A}"
EndProject
Project("{FAE04EC0-301F-11D3-BF4B-00C04F79EFBC}") = "007 Active Reflection", "006B-Active Reflection\007 Active Reflection.csproj", "{47E1FAA3-D574-4153-8030-81C20A431ECA}"
EndProject
Project("{FAE04EC0-301F-11D3-BF4B-00C04F79EFBC}") = "001-Exercise 5", "006-Exercise 5\001-Exercise 5.csproj", "{EC8AD9A6-5DAD-402C-BCE0-12028C1F35C2}"
EndProject
Project("{FAE04EC0-301F-11D3-BF4B-00C04F79EFBC}") = "005_ConfigInterfaceDemo", "005_ConfigInterfaceDemo\005_ConfigInterfaceDemo.csproj", "{8B20B1F3-0DA0-4A50-A9EC-259480850425}"
EndProject
Project("{FAE04EC0-301F-11D3-BF4B-00C04F79EFBC}") = "006A_ExternalSubscriber", "006A_ExternalSubscriber\006A_ExternalSubscriber.csproj", "{6A70808F-41A3-484A-B495-E8D7EAA15A99}"
EndProject
Project("{FAE04EC0-301F-11D3-BF4B-00C04F79EFBC}") = "006_SimpleEventArgs", "006_SimpleEventArgs\006_SimpleEventArgs.csproj", "{87532AFD-467F-46F7-8EF4-13DB7A968774}"
EndProject
Project("{2150E333-8FDC-42A3-9474-1A3956D46DE8}") = "Day7", "Day7", "{2501764C-7F92-42D4-B548-4D73F58F8AB8}"
EndProject
Project("{FAE04EC0-301F-11D3-BF4B-00C04F79EFBC}") = "007-AssemblyIntro", "007-AssemblyIntro\007-AssemblyIntro.csproj", "{68E4F779-02AA-44E4-90B9-AFAE1CEEDD00}"
EndProject
Project("{2150E333-8FDC-42A3-9474-1A3956D46DE8}") = "Reflection", "Reflection", "{1BBB37B0-F290-4B05-A598-8F7FB46B5DE8}"
EndProject
Project("{FAE04EC0-301F-11D3-BF4B-00C04F79EFBC}") = "007-DataModel", "007_DataModel\007-DataModel.csproj", "{B4A1ADD7-343B-4F74-B72B-2D1E609B2AC8}"
EndProject
Project("{FAE04EC0-301F-11D3-BF4B-00C04F79EFBC}") = "007_dynamic", "007_dynamic\007_dynamic.csproj", "{3CB31F99-5879-4932-9D4B-8016B8E495BE}"
EndProject
Project("{FAE04EC0-301F-11D3-BF4B-00C04F79EFBC}") = "007_ReflectionWithAttribute", "007_ReflectionWithAttribute\007_ReflectionWithAttribute.csproj", "{2246AAA8-C79E-410D-AE9C-0DCC6777B59D}"
EndProject
Global
	GlobalSection(SolutionConfigurationPlatforms) = preSolution
		Debug|Any CPU = Debug|Any CPU
		QA|Any CPU = QA|Any CPU
		Release|Any CPU = Release|Any CPU
	EndGlobalSection
	GlobalSection(ProjectConfigurationPlatforms) = postSolution
		{0BEAFADF-B7B8-450D-99CD-2D9FE9AAA456}.Debug|Any CPU.ActiveCfg = Debug|Any CPU
		{0BEAFADF-B7B8-450D-99CD-2D9FE9AAA456}.Debug|Any CPU.Build.0 = Debug|Any CPU
		{0BEAFADF-B7B8-450D-99CD-2D9FE9AAA456}.QA|Any CPU.ActiveCfg = Release|Any CPU
		{0BEAFADF-B7B8-450D-99CD-2D9FE9AAA456}.QA|Any CPU.Build.0 = Release|Any CPU
		{0BEAFADF-B7B8-450D-99CD-2D9FE9AAA456}.Release|Any CPU.ActiveCfg = Release|Any CPU
		{0BEAFADF-B7B8-450D-99CD-2D9FE9AAA456}.Release|Any CPU.Build.0 = Release|Any CPU
		{EA1F8948-6D65-4124-B859-B6DB9ADAAE62}.Debug|Any CPU.ActiveCfg = Debug|Any CPU
		{EA1F8948-6D65-4124-B859-B6DB9ADAAE62}.Debug|Any CPU.Build.0 = Debug|Any CPU
		{EA1F8948-6D65-4124-B859-B6DB9ADAAE62}.QA|Any CPU.ActiveCfg = Release|Any CPU
		{EA1F8948-6D65-4124-B859-B6DB9ADAAE62}.QA|Any CPU.Build.0 = Release|Any CPU
		{EA1F8948-6D65-4124-B859-B6DB9ADAAE62}.Release|Any CPU.ActiveCfg = Release|Any CPU
		{EA1F8948-6D65-4124-B859-B6DB9ADAAE62}.Release|Any CPU.Build.0 = Release|Any CPU
		{F98C3E76-E774-40AC-8D5D-1CAED9E946BA}.Debug|Any CPU.ActiveCfg = Debug|Any CPU
		{F98C3E76-E774-40AC-8D5D-1CAED9E946BA}.Debug|Any CPU.Build.0 = Debug|Any CPU
		{F98C3E76-E774-40AC-8D5D-1CAED9E946BA}.QA|Any CPU.ActiveCfg = Release|Any CPU
		{F98C3E76-E774-40AC-8D5D-1CAED9E946BA}.QA|Any CPU.Build.0 = Release|Any CPU
		{F98C3E76-E774-40AC-8D5D-1CAED9E946BA}.Release|Any CPU.ActiveCfg = Release|Any CPU
		{F98C3E76-E774-40AC-8D5D-1CAED9E946BA}.Release|Any CPU.Build.0 = Release|Any CPU
		{99B41207-DC41-42A4-A34B-B6B9AAF17449}.Debug|Any CPU.ActiveCfg = Debug|Any CPU
		{99B41207-DC41-42A4-A34B-B6B9AAF17449}.Debug|Any CPU.Build.0 = Debug|Any CPU
		{99B41207-DC41-42A4-A34B-B6B9AAF17449}.QA|Any CPU.ActiveCfg = Release|Any CPU
		{99B41207-DC41-42A4-A34B-B6B9AAF17449}.QA|Any CPU.Build.0 = Release|Any CPU
		{99B41207-DC41-42A4-A34B-B6B9AAF17449}.Release|Any CPU.ActiveCfg = Release|Any CPU
		{99B41207-DC41-42A4-A34B-B6B9AAF17449}.Release|Any CPU.Build.0 = Release|Any CPU
		{FDC2863B-35A6-43AB-88F7-C0CA7484BA8A}.Debug|Any CPU.ActiveCfg = Debug|Any CPU
		{FDC2863B-35A6-43AB-88F7-C0CA7484BA8A}.Debug|Any CPU.Build.0 = Debug|Any CPU
		{FDC2863B-35A6-43AB-88F7-C0CA7484BA8A}.QA|Any CPU.ActiveCfg = Release|Any CPU
		{FDC2863B-35A6-43AB-88F7-C0CA7484BA8A}.QA|Any CPU.Build.0 = Release|Any CPU
		{FDC2863B-35A6-43AB-88F7-C0CA7484BA8A}.Release|Any CPU.ActiveCfg = Release|Any CPU
		{FDC2863B-35A6-43AB-88F7-C0CA7484BA8A}.Release|Any CPU.Build.0 = Release|Any CPU
		{D0F50494-1360-4462-83A2-969B7AD932B4}.Debug|Any CPU.ActiveCfg = Debug|Any CPU
		{D0F50494-1360-4462-83A2-969B7AD932B4}.Debug|Any CPU.Build.0 = Debug|Any CPU
		{D0F50494-1360-4462-83A2-969B7AD932B4}.QA|Any CPU.ActiveCfg = Release|Any CPU
		{D0F50494-1360-4462-83A2-969B7AD932B4}.QA|Any CPU.Build.0 = Release|Any CPU
		{D0F50494-1360-4462-83A2-969B7AD932B4}.Release|Any CPU.ActiveCfg = Release|Any CPU
		{D0F50494-1360-4462-83A2-969B7AD932B4}.Release|Any CPU.Build.0 = Release|Any CPU
		{CE5735AC-D155-4D13-945C-0390BD35807F}.Debug|Any CPU.ActiveCfg = Debug|Any CPU
		{CE5735AC-D155-4D13-945C-0390BD35807F}.Debug|Any CPU.Build.0 = Debug|Any CPU
		{CE5735AC-D155-4D13-945C-0390BD35807F}.QA|Any CPU.ActiveCfg = Release|Any CPU
		{CE5735AC-D155-4D13-945C-0390BD35807F}.QA|Any CPU.Build.0 = Release|Any CPU
		{CE5735AC-D155-4D13-945C-0390BD35807F}.Release|Any CPU.ActiveCfg = Release|Any CPU
		{CE5735AC-D155-4D13-945C-0390BD35807F}.Release|Any CPU.Build.0 = Release|Any CPU
		{ED578D42-E069-4411-AF8E-BAE5917D2B5B}.Debug|Any CPU.ActiveCfg = Debug|Any CPU
		{ED578D42-E069-4411-AF8E-BAE5917D2B5B}.Debug|Any CPU.Build.0 = Debug|Any CPU
		{ED578D42-E069-4411-AF8E-BAE5917D2B5B}.QA|Any CPU.ActiveCfg = Release|Any CPU
		{ED578D42-E069-4411-AF8E-BAE5917D2B5B}.QA|Any CPU.Build.0 = Release|Any CPU
		{ED578D42-E069-4411-AF8E-BAE5917D2B5B}.Release|Any CPU.ActiveCfg = Release|Any CPU
		{ED578D42-E069-4411-AF8E-BAE5917D2B5B}.Release|Any CPU.Build.0 = Release|Any CPU
		{5D8FEEC7-7AB6-427B-948B-918C57D26C1D}.Debug|Any CPU.ActiveCfg = Debug|Any CPU
		{5D8FEEC7-7AB6-427B-948B-918C57D26C1D}.Debug|Any CPU.Build.0 = Debug|Any CPU
		{5D8FEEC7-7AB6-427B-948B-918C57D26C1D}.QA|Any CPU.ActiveCfg = Release|Any CPU
		{5D8FEEC7-7AB6-427B-948B-918C57D26C1D}.QA|Any CPU.Build.0 = Release|Any CPU
		{5D8FEEC7-7AB6-427B-948B-918C57D26C1D}.Release|Any CPU.ActiveCfg = Release|Any CPU
		{5D8FEEC7-7AB6-427B-948B-918C57D26C1D}.Release|Any CPU.Build.0 = Release|Any CPU
		{8671E98B-C424-45C7-B7FD-A5A607FBBEBA}.Debug|Any CPU.ActiveCfg = Debug|Any CPU
		{8671E98B-C424-45C7-B7FD-A5A607FBBEBA}.Debug|Any CPU.Build.0 = Debug|Any CPU
		{8671E98B-C424-45C7-B7FD-A5A607FBBEBA}.QA|Any CPU.ActiveCfg = Release|Any CPU
		{8671E98B-C424-45C7-B7FD-A5A607FBBEBA}.QA|Any CPU.Build.0 = Release|Any CPU
		{8671E98B-C424-45C7-B7FD-A5A607FBBEBA}.Release|Any CPU.ActiveCfg = Release|Any CPU
		{8671E98B-C424-45C7-B7FD-A5A607FBBEBA}.Release|Any CPU.Build.0 = Release|Any CPU
		{D28FEC69-8267-48B3-9350-F7E7FA8328F8}.Debug|Any CPU.ActiveCfg = Debug|Any CPU
		{D28FEC69-8267-48B3-9350-F7E7FA8328F8}.Debug|Any CPU.Build.0 = Debug|Any CPU
		{D28FEC69-8267-48B3-9350-F7E7FA8328F8}.QA|Any CPU.ActiveCfg = Release|Any CPU
		{D28FEC69-8267-48B3-9350-F7E7FA8328F8}.QA|Any CPU.Build.0 = Release|Any CPU
		{D28FEC69-8267-48B3-9350-F7E7FA8328F8}.Release|Any CPU.ActiveCfg = Release|Any CPU
		{D28FEC69-8267-48B3-9350-F7E7FA8328F8}.Release|Any CPU.Build.0 = Release|Any CPU
		{332AC22F-A7A7-4C8A-8406-81015B9F06B1}.Debug|Any CPU.ActiveCfg = Debug|Any CPU
		{332AC22F-A7A7-4C8A-8406-81015B9F06B1}.Debug|Any CPU.Build.0 = Debug|Any CPU
		{332AC22F-A7A7-4C8A-8406-81015B9F06B1}.QA|Any CPU.ActiveCfg = Release|Any CPU
		{332AC22F-A7A7-4C8A-8406-81015B9F06B1}.QA|Any CPU.Build.0 = Release|Any CPU
		{332AC22F-A7A7-4C8A-8406-81015B9F06B1}.Release|Any CPU.ActiveCfg = Release|Any CPU
		{332AC22F-A7A7-4C8A-8406-81015B9F06B1}.Release|Any CPU.Build.0 = Release|Any CPU
		{0B89C820-730A-472E-B816-76BF4583D6E3}.Debug|Any CPU.ActiveCfg = Debug|Any CPU
		{0B89C820-730A-472E-B816-76BF4583D6E3}.Debug|Any CPU.Build.0 = Debug|Any CPU
		{0B89C820-730A-472E-B816-76BF4583D6E3}.QA|Any CPU.ActiveCfg = Release|Any CPU
		{0B89C820-730A-472E-B816-76BF4583D6E3}.QA|Any CPU.Build.0 = Release|Any CPU
		{0B89C820-730A-472E-B816-76BF4583D6E3}.Release|Any CPU.ActiveCfg = Release|Any CPU
		{0B89C820-730A-472E-B816-76BF4583D6E3}.Release|Any CPU.Build.0 = Release|Any CPU
		{C13C0A7F-572F-4DAD-A805-2816FB749F16}.Debug|Any CPU.ActiveCfg = Debug|Any CPU
		{C13C0A7F-572F-4DAD-A805-2816FB749F16}.Debug|Any CPU.Build.0 = Debug|Any CPU
		{C13C0A7F-572F-4DAD-A805-2816FB749F16}.QA|Any CPU.ActiveCfg = Release|Any CPU
		{C13C0A7F-572F-4DAD-A805-2816FB749F16}.QA|Any CPU.Build.0 = Release|Any CPU
		{C13C0A7F-572F-4DAD-A805-2816FB749F16}.Release|Any CPU.ActiveCfg = Release|Any CPU
		{C13C0A7F-572F-4DAD-A805-2816FB749F16}.Release|Any CPU.Build.0 = Release|Any CPU
		{1BCA1B5D-C83F-4267-ABE4-D239C7949E19}.Debug|Any CPU.ActiveCfg = Debug|Any CPU
		{1BCA1B5D-C83F-4267-ABE4-D239C7949E19}.Debug|Any CPU.Build.0 = Debug|Any CPU
		{1BCA1B5D-C83F-4267-ABE4-D239C7949E19}.QA|Any CPU.ActiveCfg = Release|Any CPU
		{1BCA1B5D-C83F-4267-ABE4-D239C7949E19}.QA|Any CPU.Build.0 = Release|Any CPU
		{1BCA1B5D-C83F-4267-ABE4-D239C7949E19}.Release|Any CPU.ActiveCfg = Release|Any CPU
		{1BCA1B5D-C83F-4267-ABE4-D239C7949E19}.Release|Any CPU.Build.0 = Release|Any CPU
		{3BCA98CF-EA9B-44E4-ACE9-C26DA3F2F887}.Debug|Any CPU.ActiveCfg = Debug|Any CPU
		{3BCA98CF-EA9B-44E4-ACE9-C26DA3F2F887}.Debug|Any CPU.Build.0 = Debug|Any CPU
		{3BCA98CF-EA9B-44E4-ACE9-C26DA3F2F887}.QA|Any CPU.ActiveCfg = Release|Any CPU
		{3BCA98CF-EA9B-44E4-ACE9-C26DA3F2F887}.QA|Any CPU.Build.0 = Release|Any CPU
		{3BCA98CF-EA9B-44E4-ACE9-C26DA3F2F887}.Release|Any CPU.ActiveCfg = Release|Any CPU
		{3BCA98CF-EA9B-44E4-ACE9-C26DA3F2F887}.Release|Any CPU.Build.0 = Release|Any CPU
		{27DEB238-BFC1-4A97-B126-FC8FB885DE57}.Debug|Any CPU.ActiveCfg = Debug|Any CPU
		{27DEB238-BFC1-4A97-B126-FC8FB885DE57}.Debug|Any CPU.Build.0 = Debug|Any CPU
		{27DEB238-BFC1-4A97-B126-FC8FB885DE57}.QA|Any CPU.ActiveCfg = Release|Any CPU
		{27DEB238-BFC1-4A97-B126-FC8FB885DE57}.QA|Any CPU.Build.0 = Release|Any CPU
		{27DEB238-BFC1-4A97-B126-FC8FB885DE57}.Release|Any CPU.ActiveCfg = Release|Any CPU
		{27DEB238-BFC1-4A97-B126-FC8FB885DE57}.Release|Any CPU.Build.0 = Release|Any CPU
		{3758F09E-BFB9-4FF7-85AC-0BE3AFC1C2AA}.Debug|Any CPU.ActiveCfg = Debug|Any CPU
		{3758F09E-BFB9-4FF7-85AC-0BE3AFC1C2AA}.Debug|Any CPU.Build.0 = Debug|Any CPU
		{3758F09E-BFB9-4FF7-85AC-0BE3AFC1C2AA}.QA|Any CPU.ActiveCfg = Release|Any CPU
		{3758F09E-BFB9-4FF7-85AC-0BE3AFC1C2AA}.QA|Any CPU.Build.0 = Release|Any CPU
		{3758F09E-BFB9-4FF7-85AC-0BE3AFC1C2AA}.Release|Any CPU.ActiveCfg = Release|Any CPU
		{3758F09E-BFB9-4FF7-85AC-0BE3AFC1C2AA}.Release|Any CPU.Build.0 = Release|Any CPU
		{BD610497-4508-4DEA-A69C-D328C9A7CC95}.Debug|Any CPU.ActiveCfg = Debug|Any CPU
		{BD610497-4508-4DEA-A69C-D328C9A7CC95}.Debug|Any CPU.Build.0 = Debug|Any CPU
		{BD610497-4508-4DEA-A69C-D328C9A7CC95}.QA|Any CPU.ActiveCfg = Release|Any CPU
		{BD610497-4508-4DEA-A69C-D328C9A7CC95}.QA|Any CPU.Build.0 = Release|Any CPU
		{BD610497-4508-4DEA-A69C-D328C9A7CC95}.Release|Any CPU.ActiveCfg = Release|Any CPU
		{BD610497-4508-4DEA-A69C-D328C9A7CC95}.Release|Any CPU.Build.0 = Release|Any CPU
		{B722ED5F-D2BE-40B5-9C7A-43CCAC633207}.Debug|Any CPU.ActiveCfg = Debug|Any CPU
		{B722ED5F-D2BE-40B5-9C7A-43CCAC633207}.Debug|Any CPU.Build.0 = Debug|Any CPU
		{B722ED5F-D2BE-40B5-9C7A-43CCAC633207}.QA|Any CPU.ActiveCfg = Release|Any CPU
		{B722ED5F-D2BE-40B5-9C7A-43CCAC633207}.QA|Any CPU.Build.0 = Release|Any CPU
		{B722ED5F-D2BE-40B5-9C7A-43CCAC633207}.Release|Any CPU.ActiveCfg = Release|Any CPU
		{B722ED5F-D2BE-40B5-9C7A-43CCAC633207}.Release|Any CPU.Build.0 = Release|Any CPU
		{8C22062F-D126-4803-A687-A2519AE2093B}.Debug|Any CPU.ActiveCfg = Debug|Any CPU
		{8C22062F-D126-4803-A687-A2519AE2093B}.Debug|Any CPU.Build.0 = Debug|Any CPU
		{8C22062F-D126-4803-A687-A2519AE2093B}.QA|Any CPU.ActiveCfg = Release|Any CPU
		{8C22062F-D126-4803-A687-A2519AE2093B}.QA|Any CPU.Build.0 = Release|Any CPU
		{8C22062F-D126-4803-A687-A2519AE2093B}.Release|Any CPU.ActiveCfg = Release|Any CPU
		{8C22062F-D126-4803-A687-A2519AE2093B}.Release|Any CPU.Build.0 = Release|Any CPU
		{B2A50D52-5883-4556-A2AD-D9E39B51855E}.Debug|Any CPU.ActiveCfg = Debug|Any CPU
		{B2A50D52-5883-4556-A2AD-D9E39B51855E}.Debug|Any CPU.Build.0 = Debug|Any CPU
		{B2A50D52-5883-4556-A2AD-D9E39B51855E}.QA|Any CPU.ActiveCfg = Release|Any CPU
		{B2A50D52-5883-4556-A2AD-D9E39B51855E}.QA|Any CPU.Build.0 = Release|Any CPU
		{B2A50D52-5883-4556-A2AD-D9E39B51855E}.Release|Any CPU.ActiveCfg = Release|Any CPU
		{B2A50D52-5883-4556-A2AD-D9E39B51855E}.Release|Any CPU.Build.0 = Release|Any CPU
		{BE2F5B8D-011D-4555-A771-9F6F452D438D}.Debug|Any CPU.ActiveCfg = Debug|Any CPU
		{BE2F5B8D-011D-4555-A771-9F6F452D438D}.Debug|Any CPU.Build.0 = Debug|Any CPU
		{BE2F5B8D-011D-4555-A771-9F6F452D438D}.QA|Any CPU.ActiveCfg = Release|Any CPU
		{BE2F5B8D-011D-4555-A771-9F6F452D438D}.QA|Any CPU.Build.0 = Release|Any CPU
		{BE2F5B8D-011D-4555-A771-9F6F452D438D}.Release|Any CPU.ActiveCfg = Release|Any CPU
		{BE2F5B8D-011D-4555-A771-9F6F452D438D}.Release|Any CPU.Build.0 = Release|Any CPU
		{7A31A44A-7EC3-4BD4-AEDE-3B6AEDB01049}.Debug|Any CPU.ActiveCfg = Debug|Any CPU
		{7A31A44A-7EC3-4BD4-AEDE-3B6AEDB01049}.Debug|Any CPU.Build.0 = Debug|Any CPU
		{7A31A44A-7EC3-4BD4-AEDE-3B6AEDB01049}.QA|Any CPU.ActiveCfg = Release|Any CPU
		{7A31A44A-7EC3-4BD4-AEDE-3B6AEDB01049}.QA|Any CPU.Build.0 = Release|Any CPU
		{7A31A44A-7EC3-4BD4-AEDE-3B6AEDB01049}.Release|Any CPU.ActiveCfg = Release|Any CPU
		{7A31A44A-7EC3-4BD4-AEDE-3B6AEDB01049}.Release|Any CPU.Build.0 = Release|Any CPU
		{CEB4BC56-4AEA-4F48-BA0D-1C179160DA72}.Debug|Any CPU.ActiveCfg = Debug|Any CPU
		{CEB4BC56-4AEA-4F48-BA0D-1C179160DA72}.Debug|Any CPU.Build.0 = Debug|Any CPU
		{CEB4BC56-4AEA-4F48-BA0D-1C179160DA72}.QA|Any CPU.ActiveCfg = Release|Any CPU
		{CEB4BC56-4AEA-4F48-BA0D-1C179160DA72}.QA|Any CPU.Build.0 = Release|Any CPU
		{CEB4BC56-4AEA-4F48-BA0D-1C179160DA72}.Release|Any CPU.ActiveCfg = Release|Any CPU
		{CEB4BC56-4AEA-4F48-BA0D-1C179160DA72}.Release|Any CPU.Build.0 = Release|Any CPU
		{758111DC-6196-4592-9660-257EFBB3FA09}.Debug|Any CPU.ActiveCfg = Debug|Any CPU
		{758111DC-6196-4592-9660-257EFBB3FA09}.Debug|Any CPU.Build.0 = Debug|Any CPU
		{758111DC-6196-4592-9660-257EFBB3FA09}.QA|Any CPU.ActiveCfg = Release|Any CPU
		{758111DC-6196-4592-9660-257EFBB3FA09}.QA|Any CPU.Build.0 = Release|Any CPU
		{758111DC-6196-4592-9660-257EFBB3FA09}.Release|Any CPU.ActiveCfg = Release|Any CPU
		{758111DC-6196-4592-9660-257EFBB3FA09}.Release|Any CPU.Build.0 = Release|Any CPU
		{2BE6EF27-1647-4A99-9876-7E4DEA3811CE}.Debug|Any CPU.ActiveCfg = Debug|Any CPU
		{2BE6EF27-1647-4A99-9876-7E4DEA3811CE}.Debug|Any CPU.Build.0 = Debug|Any CPU
		{2BE6EF27-1647-4A99-9876-7E4DEA3811CE}.QA|Any CPU.ActiveCfg = Release|Any CPU
		{2BE6EF27-1647-4A99-9876-7E4DEA3811CE}.QA|Any CPU.Build.0 = Release|Any CPU
		{2BE6EF27-1647-4A99-9876-7E4DEA3811CE}.Release|Any CPU.ActiveCfg = Release|Any CPU
		{2BE6EF27-1647-4A99-9876-7E4DEA3811CE}.Release|Any CPU.Build.0 = Release|Any CPU
		{A8C11E73-1B92-4B5C-A90A-077144A3102E}.Debug|Any CPU.ActiveCfg = Debug|Any CPU
		{A8C11E73-1B92-4B5C-A90A-077144A3102E}.Debug|Any CPU.Build.0 = Debug|Any CPU
		{A8C11E73-1B92-4B5C-A90A-077144A3102E}.QA|Any CPU.ActiveCfg = Release|Any CPU
		{A8C11E73-1B92-4B5C-A90A-077144A3102E}.QA|Any CPU.Build.0 = Release|Any CPU
		{A8C11E73-1B92-4B5C-A90A-077144A3102E}.Release|Any CPU.ActiveCfg = Release|Any CPU
		{A8C11E73-1B92-4B5C-A90A-077144A3102E}.Release|Any CPU.Build.0 = Release|Any CPU
		{1980097D-CB8B-42CF-96D4-74F02F460717}.Debug|Any CPU.ActiveCfg = Debug|Any CPU
		{1980097D-CB8B-42CF-96D4-74F02F460717}.Debug|Any CPU.Build.0 = Debug|Any CPU
		{1980097D-CB8B-42CF-96D4-74F02F460717}.QA|Any CPU.ActiveCfg = Release|Any CPU
		{1980097D-CB8B-42CF-96D4-74F02F460717}.QA|Any CPU.Build.0 = Release|Any CPU
		{1980097D-CB8B-42CF-96D4-74F02F460717}.Release|Any CPU.ActiveCfg = Release|Any CPU
		{1980097D-CB8B-42CF-96D4-74F02F460717}.Release|Any CPU.Build.0 = Release|Any CPU
		{8521C0ED-2271-4139-B27D-2710DC38318E}.Debug|Any CPU.ActiveCfg = Debug|Any CPU
		{8521C0ED-2271-4139-B27D-2710DC38318E}.Debug|Any CPU.Build.0 = Debug|Any CPU
		{8521C0ED-2271-4139-B27D-2710DC38318E}.QA|Any CPU.ActiveCfg = Release|Any CPU
		{8521C0ED-2271-4139-B27D-2710DC38318E}.QA|Any CPU.Build.0 = Release|Any CPU
		{8521C0ED-2271-4139-B27D-2710DC38318E}.Release|Any CPU.ActiveCfg = Release|Any CPU
		{8521C0ED-2271-4139-B27D-2710DC38318E}.Release|Any CPU.Build.0 = Release|Any CPU
		{2BC2531C-DA0C-40B5-AE9E-E04530AE9681}.Debug|Any CPU.ActiveCfg = Debug|Any CPU
		{2BC2531C-DA0C-40B5-AE9E-E04530AE9681}.Debug|Any CPU.Build.0 = Debug|Any CPU
		{2BC2531C-DA0C-40B5-AE9E-E04530AE9681}.QA|Any CPU.ActiveCfg = QA|Any CPU
		{2BC2531C-DA0C-40B5-AE9E-E04530AE9681}.QA|Any CPU.Build.0 = QA|Any CPU
		{2BC2531C-DA0C-40B5-AE9E-E04530AE9681}.Release|Any CPU.ActiveCfg = Release|Any CPU
		{2BC2531C-DA0C-40B5-AE9E-E04530AE9681}.Release|Any CPU.Build.0 = Release|Any CPU
		{B01794CA-2C9C-4C93-8BA5-08B561E4F5C9}.Debug|Any CPU.ActiveCfg = Debug|Any CPU
		{B01794CA-2C9C-4C93-8BA5-08B561E4F5C9}.Debug|Any CPU.Build.0 = Debug|Any CPU
		{B01794CA-2C9C-4C93-8BA5-08B561E4F5C9}.QA|Any CPU.ActiveCfg = QA|Any CPU
		{B01794CA-2C9C-4C93-8BA5-08B561E4F5C9}.QA|Any CPU.Build.0 = QA|Any CPU
		{B01794CA-2C9C-4C93-8BA5-08B561E4F5C9}.Release|Any CPU.ActiveCfg = Release|Any CPU
		{B01794CA-2C9C-4C93-8BA5-08B561E4F5C9}.Release|Any CPU.Build.0 = Release|Any CPU
		{E364D9CD-56FB-4DC0-9EE9-3A033BC4BB33}.Debug|Any CPU.ActiveCfg = Debug|Any CPU
		{E364D9CD-56FB-4DC0-9EE9-3A033BC4BB33}.Debug|Any CPU.Build.0 = Debug|Any CPU
		{E364D9CD-56FB-4DC0-9EE9-3A033BC4BB33}.QA|Any CPU.ActiveCfg = QA|Any CPU
		{E364D9CD-56FB-4DC0-9EE9-3A033BC4BB33}.QA|Any CPU.Build.0 = QA|Any CPU
		{E364D9CD-56FB-4DC0-9EE9-3A033BC4BB33}.Release|Any CPU.ActiveCfg = Release|Any CPU
		{E364D9CD-56FB-4DC0-9EE9-3A033BC4BB33}.Release|Any CPU.Build.0 = Release|Any CPU
		{9AA8EA21-9CEE-4D7F-889B-B3B626958B9B}.Debug|Any CPU.ActiveCfg = Debug|Any CPU
		{9AA8EA21-9CEE-4D7F-889B-B3B626958B9B}.Debug|Any CPU.Build.0 = Debug|Any CPU
		{9AA8EA21-9CEE-4D7F-889B-B3B626958B9B}.QA|Any CPU.ActiveCfg = QA|Any CPU
		{9AA8EA21-9CEE-4D7F-889B-B3B626958B9B}.QA|Any CPU.Build.0 = QA|Any CPU
		{9AA8EA21-9CEE-4D7F-889B-B3B626958B9B}.Release|Any CPU.ActiveCfg = Release|Any CPU
		{9AA8EA21-9CEE-4D7F-889B-B3B626958B9B}.Release|Any CPU.Build.0 = Release|Any CPU
		{135F358F-AF11-4E27-904D-CBB4374ED274}.Debug|Any CPU.ActiveCfg = Debug|Any CPU
		{135F358F-AF11-4E27-904D-CBB4374ED274}.Debug|Any CPU.Build.0 = Debug|Any CPU
		{135F358F-AF11-4E27-904D-CBB4374ED274}.QA|Any CPU.ActiveCfg = QA|Any CPU
		{135F358F-AF11-4E27-904D-CBB4374ED274}.QA|Any CPU.Build.0 = QA|Any CPU
		{135F358F-AF11-4E27-904D-CBB4374ED274}.Release|Any CPU.ActiveCfg = Release|Any CPU
		{135F358F-AF11-4E27-904D-CBB4374ED274}.Release|Any CPU.Build.0 = Release|Any CPU
		{4B19819E-EB35-4186-9289-55AAFA1782EB}.Debug|Any CPU.ActiveCfg = Debug|Any CPU
		{4B19819E-EB35-4186-9289-55AAFA1782EB}.Debug|Any CPU.Build.0 = Debug|Any CPU
		{4B19819E-EB35-4186-9289-55AAFA1782EB}.QA|Any CPU.ActiveCfg = QA|Any CPU
		{4B19819E-EB35-4186-9289-55AAFA1782EB}.QA|Any CPU.Build.0 = QA|Any CPU
		{4B19819E-EB35-4186-9289-55AAFA1782EB}.Release|Any CPU.ActiveCfg = Release|Any CPU
		{4B19819E-EB35-4186-9289-55AAFA1782EB}.Release|Any CPU.Build.0 = Release|Any CPU
		{1DCDA62F-14D8-4802-9D98-E7FAF95FF5A2}.Debug|Any CPU.ActiveCfg = Debug|Any CPU
		{1DCDA62F-14D8-4802-9D98-E7FAF95FF5A2}.Debug|Any CPU.Build.0 = Debug|Any CPU
		{1DCDA62F-14D8-4802-9D98-E7FAF95FF5A2}.QA|Any CPU.ActiveCfg = Release|Any CPU
		{1DCDA62F-14D8-4802-9D98-E7FAF95FF5A2}.QA|Any CPU.Build.0 = Release|Any CPU
		{1DCDA62F-14D8-4802-9D98-E7FAF95FF5A2}.Release|Any CPU.ActiveCfg = Release|Any CPU
		{1DCDA62F-14D8-4802-9D98-E7FAF95FF5A2}.Release|Any CPU.Build.0 = Release|Any CPU
		{892BBCA8-45F2-47E5-A88A-59AFED071AE6}.Debug|Any CPU.ActiveCfg = Debug|Any CPU
		{892BBCA8-45F2-47E5-A88A-59AFED071AE6}.Debug|Any CPU.Build.0 = Debug|Any CPU
		{892BBCA8-45F2-47E5-A88A-59AFED071AE6}.QA|Any CPU.ActiveCfg = Release|Any CPU
		{892BBCA8-45F2-47E5-A88A-59AFED071AE6}.QA|Any CPU.Build.0 = Release|Any CPU
		{892BBCA8-45F2-47E5-A88A-59AFED071AE6}.Release|Any CPU.ActiveCfg = Release|Any CPU
		{892BBCA8-45F2-47E5-A88A-59AFED071AE6}.Release|Any CPU.Build.0 = Release|Any CPU
		{4026B63E-F996-486E-9914-FA0432092CD7}.Debug|Any CPU.ActiveCfg = Debug|Any CPU
		{4026B63E-F996-486E-9914-FA0432092CD7}.Debug|Any CPU.Build.0 = Debug|Any CPU
		{4026B63E-F996-486E-9914-FA0432092CD7}.QA|Any CPU.ActiveCfg = Release|Any CPU
		{4026B63E-F996-486E-9914-FA0432092CD7}.QA|Any CPU.Build.0 = Release|Any CPU
		{4026B63E-F996-486E-9914-FA0432092CD7}.Release|Any CPU.ActiveCfg = Release|Any CPU
		{4026B63E-F996-486E-9914-FA0432092CD7}.Release|Any CPU.Build.0 = Release|Any CPU
		{31B1DF2E-C920-4854-B46B-DE494861FECE}.Debug|Any CPU.ActiveCfg = Debug|Any CPU
		{31B1DF2E-C920-4854-B46B-DE494861FECE}.Debug|Any CPU.Build.0 = Debug|Any CPU
		{31B1DF2E-C920-4854-B46B-DE494861FECE}.QA|Any CPU.ActiveCfg = QA|Any CPU
		{31B1DF2E-C920-4854-B46B-DE494861FECE}.QA|Any CPU.Build.0 = QA|Any CPU
		{31B1DF2E-C920-4854-B46B-DE494861FECE}.Release|Any CPU.ActiveCfg = Release|Any CPU
		{31B1DF2E-C920-4854-B46B-DE494861FECE}.Release|Any CPU.Build.0 = Release|Any CPU
		{883BFBAE-854B-4888-9217-59BBFC335F7A}.Debug|Any CPU.ActiveCfg = Debug|Any CPU
		{883BFBAE-854B-4888-9217-59BBFC335F7A}.Debug|Any CPU.Build.0 = Debug|Any CPU
		{883BFBAE-854B-4888-9217-59BBFC335F7A}.QA|Any CPU.ActiveCfg = Release|Any CPU
		{883BFBAE-854B-4888-9217-59BBFC335F7A}.QA|Any CPU.Build.0 = Release|Any CPU
		{883BFBAE-854B-4888-9217-59BBFC335F7A}.Release|Any CPU.ActiveCfg = Release|Any CPU
		{883BFBAE-854B-4888-9217-59BBFC335F7A}.Release|Any CPU.Build.0 = Release|Any CPU
		{47E1FAA3-D574-4153-8030-81C20A431ECA}.Debug|Any CPU.ActiveCfg = Debug|Any CPU
		{47E1FAA3-D574-4153-8030-81C20A431ECA}.Debug|Any CPU.Build.0 = Debug|Any CPU
		{47E1FAA3-D574-4153-8030-81C20A431ECA}.QA|Any CPU.ActiveCfg = Release|Any CPU
		{47E1FAA3-D574-4153-8030-81C20A431ECA}.QA|Any CPU.Build.0 = Release|Any CPU
		{47E1FAA3-D574-4153-8030-81C20A431ECA}.Release|Any CPU.ActiveCfg = Release|Any CPU
		{47E1FAA3-D574-4153-8030-81C20A431ECA}.Release|Any CPU.Build.0 = Release|Any CPU
		{EC8AD9A6-5DAD-402C-BCE0-12028C1F35C2}.Debug|Any CPU.ActiveCfg = Debug|Any CPU
		{EC8AD9A6-5DAD-402C-BCE0-12028C1F35C2}.Debug|Any CPU.Build.0 = Debug|Any CPU
		{EC8AD9A6-5DAD-402C-BCE0-12028C1F35C2}.QA|Any CPU.ActiveCfg = QA|Any CPU
		{EC8AD9A6-5DAD-402C-BCE0-12028C1F35C2}.QA|Any CPU.Build.0 = QA|Any CPU
		{EC8AD9A6-5DAD-402C-BCE0-12028C1F35C2}.Release|Any CPU.ActiveCfg = Release|Any CPU
		{EC8AD9A6-5DAD-402C-BCE0-12028C1F35C2}.Release|Any CPU.Build.0 = Release|Any CPU
		{8B20B1F3-0DA0-4A50-A9EC-259480850425}.Debug|Any CPU.ActiveCfg = Debug|Any CPU
		{8B20B1F3-0DA0-4A50-A9EC-259480850425}.Debug|Any CPU.Build.0 = Debug|Any CPU
		{8B20B1F3-0DA0-4A50-A9EC-259480850425}.QA|Any CPU.ActiveCfg = Release|Any CPU
		{8B20B1F3-0DA0-4A50-A9EC-259480850425}.QA|Any CPU.Build.0 = Release|Any CPU
		{8B20B1F3-0DA0-4A50-A9EC-259480850425}.Release|Any CPU.ActiveCfg = Release|Any CPU
		{8B20B1F3-0DA0-4A50-A9EC-259480850425}.Release|Any CPU.Build.0 = Release|Any CPU
		{6A70808F-41A3-484A-B495-E8D7EAA15A99}.Debug|Any CPU.ActiveCfg = Debug|Any CPU
		{6A70808F-41A3-484A-B495-E8D7EAA15A99}.Debug|Any CPU.Build.0 = Debug|Any CPU
		{6A70808F-41A3-484A-B495-E8D7EAA15A99}.QA|Any CPU.ActiveCfg = Release|Any CPU
		{6A70808F-41A3-484A-B495-E8D7EAA15A99}.QA|Any CPU.Build.0 = Release|Any CPU
		{6A70808F-41A3-484A-B495-E8D7EAA15A99}.Release|Any CPU.ActiveCfg = Release|Any CPU
		{6A70808F-41A3-484A-B495-E8D7EAA15A99}.Release|Any CPU.Build.0 = Release|Any CPU
		{87532AFD-467F-46F7-8EF4-13DB7A968774}.Debug|Any CPU.ActiveCfg = Debug|Any CPU
		{87532AFD-467F-46F7-8EF4-13DB7A968774}.Debug|Any CPU.Build.0 = Debug|Any CPU
		{87532AFD-467F-46F7-8EF4-13DB7A968774}.QA|Any CPU.ActiveCfg = Release|Any CPU
		{87532AFD-467F-46F7-8EF4-13DB7A968774}.QA|Any CPU.Build.0 = Release|Any CPU
		{87532AFD-467F-46F7-8EF4-13DB7A968774}.Release|Any CPU.ActiveCfg = Release|Any CPU
		{87532AFD-467F-46F7-8EF4-13DB7A968774}.Release|Any CPU.Build.0 = Release|Any CPU
		{68E4F779-02AA-44E4-90B9-AFAE1CEEDD00}.Debug|Any CPU.ActiveCfg = Debug|Any CPU
		{68E4F779-02AA-44E4-90B9-AFAE1CEEDD00}.Debug|Any CPU.Build.0 = Debug|Any CPU
		{68E4F779-02AA-44E4-90B9-AFAE1CEEDD00}.QA|Any CPU.ActiveCfg = Release|Any CPU
		{68E4F779-02AA-44E4-90B9-AFAE1CEEDD00}.QA|Any CPU.Build.0 = Release|Any CPU
		{68E4F779-02AA-44E4-90B9-AFAE1CEEDD00}.Release|Any CPU.ActiveCfg = Release|Any CPU
		{68E4F779-02AA-44E4-90B9-AFAE1CEEDD00}.Release|Any CPU.Build.0 = Release|Any CPU
		{B4A1ADD7-343B-4F74-B72B-2D1E609B2AC8}.Debug|Any CPU.ActiveCfg = Debug|Any CPU
		{B4A1ADD7-343B-4F74-B72B-2D1E609B2AC8}.Debug|Any CPU.Build.0 = Debug|Any CPU
		{B4A1ADD7-343B-4F74-B72B-2D1E609B2AC8}.QA|Any CPU.ActiveCfg = Release|Any CPU
		{B4A1ADD7-343B-4F74-B72B-2D1E609B2AC8}.QA|Any CPU.Build.0 = Release|Any CPU
		{B4A1ADD7-343B-4F74-B72B-2D1E609B2AC8}.Release|Any CPU.ActiveCfg = Release|Any CPU
		{B4A1ADD7-343B-4F74-B72B-2D1E609B2AC8}.Release|Any CPU.Build.0 = Release|Any CPU
		{3CB31F99-5879-4932-9D4B-8016B8E495BE}.Debug|Any CPU.ActiveCfg = Debug|Any CPU
		{3CB31F99-5879-4932-9D4B-8016B8E495BE}.Debug|Any CPU.Build.0 = Debug|Any CPU
		{3CB31F99-5879-4932-9D4B-8016B8E495BE}.QA|Any CPU.ActiveCfg = Release|Any CPU
		{3CB31F99-5879-4932-9D4B-8016B8E495BE}.QA|Any CPU.Build.0 = Release|Any CPU
		{3CB31F99-5879-4932-9D4B-8016B8E495BE}.Release|Any CPU.ActiveCfg = Release|Any CPU
		{3CB31F99-5879-4932-9D4B-8016B8E495BE}.Release|Any CPU.Build.0 = Release|Any CPU
		{2246AAA8-C79E-410D-AE9C-0DCC6777B59D}.Debug|Any CPU.ActiveCfg = Debug|Any CPU
		{2246AAA8-C79E-410D-AE9C-0DCC6777B59D}.Debug|Any CPU.Build.0 = Debug|Any CPU
		{2246AAA8-C79E-410D-AE9C-0DCC6777B59D}.QA|Any CPU.ActiveCfg = Release|Any CPU
		{2246AAA8-C79E-410D-AE9C-0DCC6777B59D}.QA|Any CPU.Build.0 = Release|Any CPU
		{2246AAA8-C79E-410D-AE9C-0DCC6777B59D}.Release|Any CPU.ActiveCfg = Release|Any CPU
		{2246AAA8-C79E-410D-AE9C-0DCC6777B59D}.Release|Any CPU.Build.0 = Release|Any CPU
	EndGlobalSection
	GlobalSection(SolutionProperties) = preSolution
		HideSolutionNode = FALSE
	EndGlobalSection
	GlobalSection(NestedProjects) = preSolution
		{0BEAFADF-B7B8-450D-99CD-2D9FE9AAA456} = {84D56F13-8655-4A8E-B8B5-68A32CE11995}
		{EA1F8948-6D65-4124-B859-B6DB9ADAAE62} = {84D56F13-8655-4A8E-B8B5-68A32CE11995}
		{F98C3E76-E774-40AC-8D5D-1CAED9E946BA} = {84D56F13-8655-4A8E-B8B5-68A32CE11995}
		{99B41207-DC41-42A4-A34B-B6B9AAF17449} = {21383E0F-FF8F-4A84-8D38-EEC5BAF1F175}
		{FDC2863B-35A6-43AB-88F7-C0CA7484BA8A} = {21383E0F-FF8F-4A84-8D38-EEC5BAF1F175}
		{D0F50494-1360-4462-83A2-969B7AD932B4} = {21383E0F-FF8F-4A84-8D38-EEC5BAF1F175}
		{CE5735AC-D155-4D13-945C-0390BD35807F} = {21383E0F-FF8F-4A84-8D38-EEC5BAF1F175}
		{ED578D42-E069-4411-AF8E-BAE5917D2B5B} = {21383E0F-FF8F-4A84-8D38-EEC5BAF1F175}
		{5D8FEEC7-7AB6-427B-948B-918C57D26C1D} = {21383E0F-FF8F-4A84-8D38-EEC5BAF1F175}
		{8671E98B-C424-45C7-B7FD-A5A607FBBEBA} = {86756A45-DDE7-49E2-8A1F-CF69B0D6D21E}
		{D28FEC69-8267-48B3-9350-F7E7FA8328F8} = {84D56F13-8655-4A8E-B8B5-68A32CE11995}
		{332AC22F-A7A7-4C8A-8406-81015B9F06B1} = {21383E0F-FF8F-4A84-8D38-EEC5BAF1F175}
		{0B89C820-730A-472E-B816-76BF4583D6E3} = {8881DD2E-6BFB-418D-B673-AC336EC56086}
		{C13C0A7F-572F-4DAD-A805-2816FB749F16} = {8881DD2E-6BFB-418D-B673-AC336EC56086}
		{1BCA1B5D-C83F-4267-ABE4-D239C7949E19} = {8881DD2E-6BFB-418D-B673-AC336EC56086}
		{3BCA98CF-EA9B-44E4-ACE9-C26DA3F2F887} = {8881DD2E-6BFB-418D-B673-AC336EC56086}
		{27DEB238-BFC1-4A97-B126-FC8FB885DE57} = {86756A45-DDE7-49E2-8A1F-CF69B0D6D21E}
		{3758F09E-BFB9-4FF7-85AC-0BE3AFC1C2AA} = {86756A45-DDE7-49E2-8A1F-CF69B0D6D21E}
		{BD610497-4508-4DEA-A69C-D328C9A7CC95} = {86756A45-DDE7-49E2-8A1F-CF69B0D6D21E}
		{B722ED5F-D2BE-40B5-9C7A-43CCAC633207} = {B55FA6A8-0ADE-4BC5-9A84-E17EF10850CE}
		{8C22062F-D126-4803-A687-A2519AE2093B} = {B55FA6A8-0ADE-4BC5-9A84-E17EF10850CE}
		{B2A50D52-5883-4556-A2AD-D9E39B51855E} = {B55FA6A8-0ADE-4BC5-9A84-E17EF10850CE}
		{BE2F5B8D-011D-4555-A771-9F6F452D438D} = {F34E5B03-E7A0-4151-9193-EEAE374A28FD}
		{7A31A44A-7EC3-4BD4-AEDE-3B6AEDB01049} = {F34E5B03-E7A0-4151-9193-EEAE374A28FD}
		{CEB4BC56-4AEA-4F48-BA0D-1C179160DA72} = {F34E5B03-E7A0-4151-9193-EEAE374A28FD}
		{758111DC-6196-4592-9660-257EFBB3FA09} = {F34E5B03-E7A0-4151-9193-EEAE374A28FD}
		{2BE6EF27-1647-4A99-9876-7E4DEA3811CE} = {F34E5B03-E7A0-4151-9193-EEAE374A28FD}
		{A8C11E73-1B92-4B5C-A90A-077144A3102E} = {F34E5B03-E7A0-4151-9193-EEAE374A28FD}
		{1980097D-CB8B-42CF-96D4-74F02F460717} = {F34E5B03-E7A0-4151-9193-EEAE374A28FD}
		{8521C0ED-2271-4139-B27D-2710DC38318E} = {F34E5B03-E7A0-4151-9193-EEAE374A28FD}
		{2BC2531C-DA0C-40B5-AE9E-E04530AE9681} = {B7816AFF-A5ED-49D5-824A-A8AB1C8BE053}
		{B01794CA-2C9C-4C93-8BA5-08B561E4F5C9} = {B7816AFF-A5ED-49D5-824A-A8AB1C8BE053}
		{E364D9CD-56FB-4DC0-9EE9-3A033BC4BB33} = {B7816AFF-A5ED-49D5-824A-A8AB1C8BE053}
		{9AA8EA21-9CEE-4D7F-889B-B3B626958B9B} = {B7816AFF-A5ED-49D5-824A-A8AB1C8BE053}
		{135F358F-AF11-4E27-904D-CBB4374ED274} = {DD5BA4A7-D4A6-48B3-85F9-C99926401418}
		{4B19819E-EB35-4186-9289-55AAFA1782EB} = {DD5BA4A7-D4A6-48B3-85F9-C99926401418}
		{1DCDA62F-14D8-4802-9D98-E7FAF95FF5A2} = {DD5BA4A7-D4A6-48B3-85F9-C99926401418}
		{892BBCA8-45F2-47E5-A88A-59AFED071AE6} = {DD5BA4A7-D4A6-48B3-85F9-C99926401418}
		{4026B63E-F996-486E-9914-FA0432092CD7} = {DD5BA4A7-D4A6-48B3-85F9-C99926401418}
		{31B1DF2E-C920-4854-B46B-DE494861FECE} = {DD5BA4A7-D4A6-48B3-85F9-C99926401418}
		{883BFBAE-854B-4888-9217-59BBFC335F7A} = {DD5BA4A7-D4A6-48B3-85F9-C99926401418}
		{47E1FAA3-D574-4153-8030-81C20A431ECA} = {DD5BA4A7-D4A6-48B3-85F9-C99926401418}
		{EC8AD9A6-5DAD-402C-BCE0-12028C1F35C2} = {B7816AFF-A5ED-49D5-824A-A8AB1C8BE053}
		{8B20B1F3-0DA0-4A50-A9EC-259480850425} = {F34E5B03-E7A0-4151-9193-EEAE374A28FD}
		{6A70808F-41A3-484A-B495-E8D7EAA15A99} = {B7816AFF-A5ED-49D5-824A-A8AB1C8BE053}
		{87532AFD-467F-46F7-8EF4-13DB7A968774} = {B7816AFF-A5ED-49D5-824A-A8AB1C8BE053}
		{68E4F779-02AA-44E4-90B9-AFAE1CEEDD00} = {1BBB37B0-F290-4B05-A598-8F7FB46B5DE8}
		{1BBB37B0-F290-4B05-A598-8F7FB46B5DE8} = {2501764C-7F92-42D4-B548-4D73F58F8AB8}
		{B4A1ADD7-343B-4F74-B72B-2D1E609B2AC8} = {1BBB37B0-F290-4B05-A598-8F7FB46B5DE8}
		{3CB31F99-5879-4932-9D4B-8016B8E495BE} = {2501764C-7F92-42D4-B548-4D73F58F8AB8}
		{2246AAA8-C79E-410D-AE9C-0DCC6777B59D} = {1BBB37B0-F290-4B05-A598-8F7FB46B5DE8}
	EndGlobalSection
	GlobalSection(ExtensibilityGlobals) = postSolution
		SolutionGuid = {2557528F-3AD9-4E90-9074-67C23999A12C}
	EndGlobalSection
EndGlobal
