
Microsoft Visual Studio Solution File, Format Version 12.00
# Visual Studio 15
VisualStudioVersion = 15.0.27703.2042
MinimumVisualStudioVersion = 10.0.40219.1
Project("{FAE04EC0-301F-11D3-BF4B-00C04F79EFBC}") = "001-StringFormat", "001-StringFormat\001-StringFormat.csproj", "{0BEAFADF-B7B8-450D-99CD-2D9FE9AAA456}"
EndProject
Project("{FAE04EC0-301F-11D3-BF4B-00C04F79EFBC}") = "001-EverythingIsObject", "001-EverythingIsObject\001-EverythingIsObject.csproj", "{EA1F8948-6D65-4124-B859-B6DB9ADAAE62}"
EndProject
Global
	GlobalSection(SolutionConfigurationPlatforms) = preSolution
		Debug|Any CPU = Debug|Any CPU
		Release|Any CPU = Release|Any CPU
	EndGlobalSection
	GlobalSection(ProjectConfigurationPlatforms) = postSolution
		{0BEAFADF-B7B8-450D-99CD-2D9FE9AAA456}.Debug|Any CPU.ActiveCfg = Debug|Any CPU
		{0BEAFADF-B7B8-450D-99CD-2D9FE9AAA456}.Debug|Any CPU.Build.0 = Debug|Any CPU
		{0BEAFADF-B7B8-450D-99CD-2D9FE9AAA456}.Release|Any CPU.ActiveCfg = Release|Any CPU
		{0BEAFADF-B7B8-450D-99CD-2D9FE9AAA456}.Release|Any CPU.Build.0 = Release|Any CPU
		{EA1F8948-6D65-4124-B859-B6DB9ADAAE62}.Debug|Any CPU.ActiveCfg = Debug|Any CPU
		{EA1F8948-6D65-4124-B859-B6DB9ADAAE62}.Debug|Any CPU.Build.0 = Debug|Any CPU
		{EA1F8948-6D65-4124-B859-B6DB9ADAAE62}.Release|Any CPU.ActiveCfg = Release|Any CPU
		{EA1F8948-6D65-4124-B859-B6DB9ADAAE62}.Release|Any CPU.Build.0 = Release|Any CPU
	EndGlobalSection
	GlobalSection(SolutionProperties) = preSolution
		HideSolutionNode = FALSE
	EndGlobalSection
	GlobalSection(ExtensibilityGlobals) = postSolution
		SolutionGuid = {2557528F-3AD9-4E90-9074-67C23999A12C}
	EndGlobalSection
EndGlobal
