
Microsoft Visual Studio Solution File, Format Version 12.00
# Visual Studio 15
VisualStudioVersion = 15.0.27703.2042
MinimumVisualStudioVersion = 10.0.40219.1
Project("{FAE04EC0-301F-11D3-BF4B-00C04F79EFBC}") = "001-StringFormat", "001-StringFormat\001-StringFormat.csproj", "{0BEAFADF-B7B8-450D-99CD-2D9FE9AAA456}"
EndProject
Project("{FAE04EC0-301F-11D3-BF4B-00C04F79EFBC}") = "001-EverythingIsObject", "001-EverythingIsObject\001-EverythingIsObject.csproj", "{EA1F8948-6D65-4124-B859-B6DB9ADAAE62}"
EndProject
Project("{FAE04EC0-301F-11D3-BF4B-00C04F79EFBC}") = "001-RefVrsVal", "001-RefVrsVal\001-RefVrsVal.csproj", "{F98C3E76-E774-40AC-8D5D-1CAED9E946BA}"
EndProject
Project("{FAE04EC0-301F-11D3-BF4B-00C04F79EFBC}") = "002-Classes", "002-Classes\002-Classes.csproj", "{99B41207-DC41-42A4-A34B-B6B9AAF17449}"
EndProject
Project("{FAE04EC0-301F-11D3-BF4B-00C04F79EFBC}") = "002-ItemLib", "002-ItemLib\002-ItemLib.csproj", "{FDC2863B-35A6-43AB-88F7-C0CA7484BA8A}"
EndProject
Project("{2150E333-8FDC-42A3-9474-1A3956D46DE8}") = "Day1", "Day1", "{84D56F13-8655-4A8E-B8B5-68A32CE11995}"
EndProject
Project("{2150E333-8FDC-42A3-9474-1A3956D46DE8}") = "Day2", "Day2", "{21383E0F-FF8F-4A84-8D38-EEC5BAF1F175}"
EndProject
Project("{2150E333-8FDC-42A3-9474-1A3956D46DE8}") = "Day3", "Day3", "{8881DD2E-6BFB-418D-B673-AC336EC56086}"
EndProject
Project("{FAE04EC0-301F-11D3-BF4B-00C04F79EFBC}") = "Exercise2_Classes", "Exercise2_Classes\Exercise2_Classes.csproj", "{D0F50494-1360-4462-83A2-969B7AD932B4}"
EndProject
Project("{FAE04EC0-301F-11D3-BF4B-00C04F79EFBC}") = "002-EqualsOfClasses", "002-EqualsOfClasses\002-EqualsOfClasses.csproj", "{CE5735AC-D155-4D13-945C-0390BD35807F}"
EndProject
Project("{FAE04EC0-301F-11D3-BF4B-00C04F79EFBC}") = "002-ClassMembers", "002-ClassMembers\002-ClassMembers.csproj", "{ED578D42-E069-4411-AF8E-BAE5917D2B5B}"
EndProject
Project("{FAE04EC0-301F-11D3-BF4B-00C04F79EFBC}") = "002-StaticClass", "002-StaticClass\002-StaticClass.csproj", "{5D8FEEC7-7AB6-427B-948B-918C57D26C1D}"
EndProject
Project("{2150E333-8FDC-42A3-9474-1A3956D46DE8}") = "Soloution Items", "Soloution Items", "{7FBE5107-94BD-4A98-8A8D-B6D02A8B5B16}"
	ProjectSection(SolutionItems) = preProject
		exercise 2.txt = exercise 2.txt
		Exercise 2_B.txt = Exercise 2_B.txt
		Exercise 3.txt = Exercise 3.txt
		Exercise 4.txt = Exercise 4.txt
		links.md = links.md
	EndProjectSection
EndProject
Project("{2150E333-8FDC-42A3-9474-1A3956D46DE8}") = "ExerciseSolutions", "ExerciseSolutions", "{86756A45-DDE7-49E2-8A1F-CF69B0D6D21E}"
EndProject
Project("{FAE04EC0-301F-11D3-BF4B-00C04F79EFBC}") = "Ex02-Cars", "Ex02-Cars\Ex02-Cars.csproj", "{8671E98B-C424-45C7-B7FD-A5A607FBBEBA}"
EndProject
Project("{FAE04EC0-301F-11D3-BF4B-00C04F79EFBC}") = "001-ReferenceByRef", "001-ReferenceByRef\001-ReferenceByRef.csproj", "{D28FEC69-8267-48B3-9350-F7E7FA8328F8}"
EndProject
Project("{FAE04EC0-301F-11D3-BF4B-00C04F79EFBC}") = "002-HashCode", "002-HashCode\002-HashCode.csproj", "{332AC22F-A7A7-4C8A-8406-81015B9F06B1}"
EndProject
Project("{FAE04EC0-301F-11D3-BF4B-00C04F79EFBC}") = "003-LocalRoot", "003-LocalRoot\003-LocalRoot.csproj", "{0B89C820-730A-472E-B816-76BF4583D6E3}"
EndProject
Project("{FAE04EC0-301F-11D3-BF4B-00C04F79EFBC}") = "003-Arrays", "003-Arrays\003-Arrays.csproj", "{C13C0A7F-572F-4DAD-A805-2816FB749F16}"
EndProject
Project("{FAE04EC0-301F-11D3-BF4B-00C04F79EFBC}") = "003-Strings", "003-Strings\003-Strings.csproj", "{1BCA1B5D-C83F-4267-ABE4-D239C7949E19}"
EndProject
Project("{FAE04EC0-301F-11D3-BF4B-00C04F79EFBC}") = "003-ArrayUtils", "003-ArrayUtils\003-ArrayUtils.csproj", "{3BCA98CF-EA9B-44E4-ACE9-C26DA3F2F887}"
EndProject
Project("{FAE04EC0-301F-11D3-BF4B-00C04F79EFBC}") = "Ex02B-Strings", "Ex02B-Strings\Ex02B-Strings.csproj", "{27DEB238-BFC1-4A97-B126-FC8FB885DE57}"
EndProject
Project("{FAE04EC0-301F-11D3-BF4B-00C04F79EFBC}") = "Ex2_C_HR_System", "Ex2_C_HR_System\Ex2_C_HR_System.csproj", "{3758F09E-BFB9-4FF7-85AC-0BE3AFC1C2AA}"
EndProject
Project("{FAE04EC0-301F-11D3-BF4B-00C04F79EFBC}") = "EX2_C_HR_Lib", "EX2_C_HR_Lib\EX2_C_HR_Lib.csproj", "{BD610497-4508-4DEA-A69C-D328C9A7CC95}"
EndProject
Project("{FAE04EC0-301F-11D3-BF4B-00C04F79EFBC}") = "004-Inheritance", "001-Inheritance\004-Inheritance.csproj", "{B722ED5F-D2BE-40B5-9C7A-43CCAC633207}"
EndProject
Project("{2150E333-8FDC-42A3-9474-1A3956D46DE8}") = "Day4", "Day4", "{B55FA6A8-0ADE-4BC5-9A84-E17EF10850CE}"
EndProject
Project("{FAE04EC0-301F-11D3-BF4B-00C04F79EFBC}") = "004-Animals", "002-Animals\004-Animals.csproj", "{8C22062F-D126-4803-A687-A2519AE2093B}"
EndProject
Project("{FAE04EC0-301F-11D3-BF4B-00C04F79EFBC}") = "004-SafeCast", "003-SafeCast\004-SafeCast.csproj", "{B2A50D52-5883-4556-A2AD-D9E39B51855E}"
EndProject
Project("{2150E333-8FDC-42A3-9474-1A3956D46DE8}") = "Day5", "Day5", "{F34E5B03-E7A0-4151-9193-EEAE374A28FD}"
EndProject
Project("{FAE04EC0-301F-11D3-BF4B-00C04F79EFBC}") = "005-DelegateIntro", "005-DelegateIntro\005-DelegateIntro.csproj", "{BE2F5B8D-011D-4555-A771-9F6F452D438D}"
EndProject
Project("{FAE04EC0-301F-11D3-BF4B-00C04F79EFBC}") = "005-Enums", "005-Enums\005-Enums.csproj", "{7A31A44A-7EC3-4BD4-AEDE-3B6AEDB01049}"
EndProject
Project("{FAE04EC0-301F-11D3-BF4B-00C04F79EFBC}") = "005-IEnumerable_Intro", "005-IEnumerable_Intro\005-IEnumerable_Intro.csproj", "{CEB4BC56-4AEA-4F48-BA0D-1C179160DA72}"
EndProject
Project("{FAE04EC0-301F-11D3-BF4B-00C04F79EFBC}") = "005-InterfaceCollision", "005-InterfaceCollision\005-InterfaceCollision.csproj", "{758111DC-6196-4592-9660-257EFBB3FA09}"
EndProject
Project("{FAE04EC0-301F-11D3-BF4B-00C04F79EFBC}") = "005-Interfaces", "005-Interfaces\005-Interfaces.csproj", "{2BE6EF27-1647-4A99-9876-7E4DEA3811CE}"
EndProject
Project("{FAE04EC0-301F-11D3-BF4B-00C04F79EFBC}") = "005-Nullable", "005-Nullable\005-Nullable.csproj", "{A8C11E73-1B92-4B5C-A90A-077144A3102E}"
EndProject
Project("{FAE04EC0-301F-11D3-BF4B-00C04F79EFBC}") = "005-Sort", "005-Sort\005-Sort.csproj", "{1980097D-CB8B-42CF-96D4-74F02F460717}"
EndProject
Project("{FAE04EC0-301F-11D3-BF4B-00C04F79EFBC}") = "005-Struct", "005-Struct\005-Struct.csproj", "{8521C0ED-2271-4139-B27D-2710DC38318E}"
EndProject
Global
	GlobalSection(SolutionConfigurationPlatforms) = preSolution
		Debug|Any CPU = Debug|Any CPU
		Release|Any CPU = Release|Any CPU
	EndGlobalSection
	GlobalSection(ProjectConfigurationPlatforms) = postSolution
		{0BEAFADF-B7B8-450D-99CD-2D9FE9AAA456}.Debug|Any CPU.ActiveCfg = Debug|Any CPU
		{0BEAFADF-B7B8-450D-99CD-2D9FE9AAA456}.Debug|Any CPU.Build.0 = Debug|Any CPU
		{0BEAFADF-B7B8-450D-99CD-2D9FE9AAA456}.Release|Any CPU.ActiveCfg = Release|Any CPU
		{0BEAFADF-B7B8-450D-99CD-2D9FE9AAA456}.Release|Any CPU.Build.0 = Release|Any CPU
		{EA1F8948-6D65-4124-B859-B6DB9ADAAE62}.Debug|Any CPU.ActiveCfg = Debug|Any CPU
		{EA1F8948-6D65-4124-B859-B6DB9ADAAE62}.Debug|Any CPU.Build.0 = Debug|Any CPU
		{EA1F8948-6D65-4124-B859-B6DB9ADAAE62}.Release|Any CPU.ActiveCfg = Release|Any CPU
		{EA1F8948-6D65-4124-B859-B6DB9ADAAE62}.Release|Any CPU.Build.0 = Release|Any CPU
		{F98C3E76-E774-40AC-8D5D-1CAED9E946BA}.Debug|Any CPU.ActiveCfg = Debug|Any CPU
		{F98C3E76-E774-40AC-8D5D-1CAED9E946BA}.Debug|Any CPU.Build.0 = Debug|Any CPU
		{F98C3E76-E774-40AC-8D5D-1CAED9E946BA}.Release|Any CPU.ActiveCfg = Release|Any CPU
		{F98C3E76-E774-40AC-8D5D-1CAED9E946BA}.Release|Any CPU.Build.0 = Release|Any CPU
		{99B41207-DC41-42A4-A34B-B6B9AAF17449}.Debug|Any CPU.ActiveCfg = Debug|Any CPU
		{99B41207-DC41-42A4-A34B-B6B9AAF17449}.Debug|Any CPU.Build.0 = Debug|Any CPU
		{99B41207-DC41-42A4-A34B-B6B9AAF17449}.Release|Any CPU.ActiveCfg = Release|Any CPU
		{99B41207-DC41-42A4-A34B-B6B9AAF17449}.Release|Any CPU.Build.0 = Release|Any CPU
		{FDC2863B-35A6-43AB-88F7-C0CA7484BA8A}.Debug|Any CPU.ActiveCfg = Debug|Any CPU
		{FDC2863B-35A6-43AB-88F7-C0CA7484BA8A}.Debug|Any CPU.Build.0 = Debug|Any CPU
		{FDC2863B-35A6-43AB-88F7-C0CA7484BA8A}.Release|Any CPU.ActiveCfg = Release|Any CPU
		{FDC2863B-35A6-43AB-88F7-C0CA7484BA8A}.Release|Any CPU.Build.0 = Release|Any CPU
		{D0F50494-1360-4462-83A2-969B7AD932B4}.Debug|Any CPU.ActiveCfg = Debug|Any CPU
		{D0F50494-1360-4462-83A2-969B7AD932B4}.Debug|Any CPU.Build.0 = Debug|Any CPU
		{D0F50494-1360-4462-83A2-969B7AD932B4}.Release|Any CPU.ActiveCfg = Release|Any CPU
		{D0F50494-1360-4462-83A2-969B7AD932B4}.Release|Any CPU.Build.0 = Release|Any CPU
		{CE5735AC-D155-4D13-945C-0390BD35807F}.Debug|Any CPU.ActiveCfg = Debug|Any CPU
		{CE5735AC-D155-4D13-945C-0390BD35807F}.Debug|Any CPU.Build.0 = Debug|Any CPU
		{CE5735AC-D155-4D13-945C-0390BD35807F}.Release|Any CPU.ActiveCfg = Release|Any CPU
		{CE5735AC-D155-4D13-945C-0390BD35807F}.Release|Any CPU.Build.0 = Release|Any CPU
		{ED578D42-E069-4411-AF8E-BAE5917D2B5B}.Debug|Any CPU.ActiveCfg = Debug|Any CPU
		{ED578D42-E069-4411-AF8E-BAE5917D2B5B}.Debug|Any CPU.Build.0 = Debug|Any CPU
		{ED578D42-E069-4411-AF8E-BAE5917D2B5B}.Release|Any CPU.ActiveCfg = Release|Any CPU
		{ED578D42-E069-4411-AF8E-BAE5917D2B5B}.Release|Any CPU.Build.0 = Release|Any CPU
		{5D8FEEC7-7AB6-427B-948B-918C57D26C1D}.Debug|Any CPU.ActiveCfg = Debug|Any CPU
		{5D8FEEC7-7AB6-427B-948B-918C57D26C1D}.Debug|Any CPU.Build.0 = Debug|Any CPU
		{5D8FEEC7-7AB6-427B-948B-918C57D26C1D}.Release|Any CPU.ActiveCfg = Release|Any CPU
		{5D8FEEC7-7AB6-427B-948B-918C57D26C1D}.Release|Any CPU.Build.0 = Release|Any CPU
		{8671E98B-C424-45C7-B7FD-A5A607FBBEBA}.Debug|Any CPU.ActiveCfg = Debug|Any CPU
		{8671E98B-C424-45C7-B7FD-A5A607FBBEBA}.Debug|Any CPU.Build.0 = Debug|Any CPU
		{8671E98B-C424-45C7-B7FD-A5A607FBBEBA}.Release|Any CPU.ActiveCfg = Release|Any CPU
		{8671E98B-C424-45C7-B7FD-A5A607FBBEBA}.Release|Any CPU.Build.0 = Release|Any CPU
		{D28FEC69-8267-48B3-9350-F7E7FA8328F8}.Debug|Any CPU.ActiveCfg = Debug|Any CPU
		{D28FEC69-8267-48B3-9350-F7E7FA8328F8}.Debug|Any CPU.Build.0 = Debug|Any CPU
		{D28FEC69-8267-48B3-9350-F7E7FA8328F8}.Release|Any CPU.ActiveCfg = Release|Any CPU
		{D28FEC69-8267-48B3-9350-F7E7FA8328F8}.Release|Any CPU.Build.0 = Release|Any CPU
		{332AC22F-A7A7-4C8A-8406-81015B9F06B1}.Debug|Any CPU.ActiveCfg = Debug|Any CPU
		{332AC22F-A7A7-4C8A-8406-81015B9F06B1}.Debug|Any CPU.Build.0 = Debug|Any CPU
		{332AC22F-A7A7-4C8A-8406-81015B9F06B1}.Release|Any CPU.ActiveCfg = Release|Any CPU
		{332AC22F-A7A7-4C8A-8406-81015B9F06B1}.Release|Any CPU.Build.0 = Release|Any CPU
		{0B89C820-730A-472E-B816-76BF4583D6E3}.Debug|Any CPU.ActiveCfg = Debug|Any CPU
		{0B89C820-730A-472E-B816-76BF4583D6E3}.Debug|Any CPU.Build.0 = Debug|Any CPU
		{0B89C820-730A-472E-B816-76BF4583D6E3}.Release|Any CPU.ActiveCfg = Release|Any CPU
		{0B89C820-730A-472E-B816-76BF4583D6E3}.Release|Any CPU.Build.0 = Release|Any CPU
		{C13C0A7F-572F-4DAD-A805-2816FB749F16}.Debug|Any CPU.ActiveCfg = Debug|Any CPU
		{C13C0A7F-572F-4DAD-A805-2816FB749F16}.Debug|Any CPU.Build.0 = Debug|Any CPU
		{C13C0A7F-572F-4DAD-A805-2816FB749F16}.Release|Any CPU.ActiveCfg = Release|Any CPU
		{C13C0A7F-572F-4DAD-A805-2816FB749F16}.Release|Any CPU.Build.0 = Release|Any CPU
		{1BCA1B5D-C83F-4267-ABE4-D239C7949E19}.Debug|Any CPU.ActiveCfg = Debug|Any CPU
		{1BCA1B5D-C83F-4267-ABE4-D239C7949E19}.Debug|Any CPU.Build.0 = Debug|Any CPU
		{1BCA1B5D-C83F-4267-ABE4-D239C7949E19}.Release|Any CPU.ActiveCfg = Release|Any CPU
		{1BCA1B5D-C83F-4267-ABE4-D239C7949E19}.Release|Any CPU.Build.0 = Release|Any CPU
		{3BCA98CF-EA9B-44E4-ACE9-C26DA3F2F887}.Debug|Any CPU.ActiveCfg = Debug|Any CPU
		{3BCA98CF-EA9B-44E4-ACE9-C26DA3F2F887}.Debug|Any CPU.Build.0 = Debug|Any CPU
		{3BCA98CF-EA9B-44E4-ACE9-C26DA3F2F887}.Release|Any CPU.ActiveCfg = Release|Any CPU
		{3BCA98CF-EA9B-44E4-ACE9-C26DA3F2F887}.Release|Any CPU.Build.0 = Release|Any CPU
		{27DEB238-BFC1-4A97-B126-FC8FB885DE57}.Debug|Any CPU.ActiveCfg = Debug|Any CPU
		{27DEB238-BFC1-4A97-B126-FC8FB885DE57}.Debug|Any CPU.Build.0 = Debug|Any CPU
		{27DEB238-BFC1-4A97-B126-FC8FB885DE57}.Release|Any CPU.ActiveCfg = Release|Any CPU
		{27DEB238-BFC1-4A97-B126-FC8FB885DE57}.Release|Any CPU.Build.0 = Release|Any CPU
		{3758F09E-BFB9-4FF7-85AC-0BE3AFC1C2AA}.Debug|Any CPU.ActiveCfg = Debug|Any CPU
		{3758F09E-BFB9-4FF7-85AC-0BE3AFC1C2AA}.Debug|Any CPU.Build.0 = Debug|Any CPU
		{3758F09E-BFB9-4FF7-85AC-0BE3AFC1C2AA}.Release|Any CPU.ActiveCfg = Release|Any CPU
		{3758F09E-BFB9-4FF7-85AC-0BE3AFC1C2AA}.Release|Any CPU.Build.0 = Release|Any CPU
		{BD610497-4508-4DEA-A69C-D328C9A7CC95}.Debug|Any CPU.ActiveCfg = Debug|Any CPU
		{BD610497-4508-4DEA-A69C-D328C9A7CC95}.Debug|Any CPU.Build.0 = Debug|Any CPU
		{BD610497-4508-4DEA-A69C-D328C9A7CC95}.Release|Any CPU.ActiveCfg = Release|Any CPU
		{BD610497-4508-4DEA-A69C-D328C9A7CC95}.Release|Any CPU.Build.0 = Release|Any CPU
		{B722ED5F-D2BE-40B5-9C7A-43CCAC633207}.Debug|Any CPU.ActiveCfg = Debug|Any CPU
		{B722ED5F-D2BE-40B5-9C7A-43CCAC633207}.Debug|Any CPU.Build.0 = Debug|Any CPU
		{B722ED5F-D2BE-40B5-9C7A-43CCAC633207}.Release|Any CPU.ActiveCfg = Release|Any CPU
		{B722ED5F-D2BE-40B5-9C7A-43CCAC633207}.Release|Any CPU.Build.0 = Release|Any CPU
		{8C22062F-D126-4803-A687-A2519AE2093B}.Debug|Any CPU.ActiveCfg = Debug|Any CPU
		{8C22062F-D126-4803-A687-A2519AE2093B}.Debug|Any CPU.Build.0 = Debug|Any CPU
		{8C22062F-D126-4803-A687-A2519AE2093B}.Release|Any CPU.ActiveCfg = Release|Any CPU
		{8C22062F-D126-4803-A687-A2519AE2093B}.Release|Any CPU.Build.0 = Release|Any CPU
		{B2A50D52-5883-4556-A2AD-D9E39B51855E}.Debug|Any CPU.ActiveCfg = Debug|Any CPU
		{B2A50D52-5883-4556-A2AD-D9E39B51855E}.Debug|Any CPU.Build.0 = Debug|Any CPU
		{B2A50D52-5883-4556-A2AD-D9E39B51855E}.Release|Any CPU.ActiveCfg = Release|Any CPU
		{B2A50D52-5883-4556-A2AD-D9E39B51855E}.Release|Any CPU.Build.0 = Release|Any CPU
		{BE2F5B8D-011D-4555-A771-9F6F452D438D}.Debug|Any CPU.ActiveCfg = Debug|Any CPU
		{BE2F5B8D-011D-4555-A771-9F6F452D438D}.Debug|Any CPU.Build.0 = Debug|Any CPU
		{BE2F5B8D-011D-4555-A771-9F6F452D438D}.Release|Any CPU.ActiveCfg = Release|Any CPU
		{BE2F5B8D-011D-4555-A771-9F6F452D438D}.Release|Any CPU.Build.0 = Release|Any CPU
		{7A31A44A-7EC3-4BD4-AEDE-3B6AEDB01049}.Debug|Any CPU.ActiveCfg = Debug|Any CPU
		{7A31A44A-7EC3-4BD4-AEDE-3B6AEDB01049}.Debug|Any CPU.Build.0 = Debug|Any CPU
		{7A31A44A-7EC3-4BD4-AEDE-3B6AEDB01049}.Release|Any CPU.ActiveCfg = Release|Any CPU
		{7A31A44A-7EC3-4BD4-AEDE-3B6AEDB01049}.Release|Any CPU.Build.0 = Release|Any CPU
		{CEB4BC56-4AEA-4F48-BA0D-1C179160DA72}.Debug|Any CPU.ActiveCfg = Debug|Any CPU
		{CEB4BC56-4AEA-4F48-BA0D-1C179160DA72}.Debug|Any CPU.Build.0 = Debug|Any CPU
		{CEB4BC56-4AEA-4F48-BA0D-1C179160DA72}.Release|Any CPU.ActiveCfg = Release|Any CPU
		{CEB4BC56-4AEA-4F48-BA0D-1C179160DA72}.Release|Any CPU.Build.0 = Release|Any CPU
		{758111DC-6196-4592-9660-257EFBB3FA09}.Debug|Any CPU.ActiveCfg = Debug|Any CPU
		{758111DC-6196-4592-9660-257EFBB3FA09}.Debug|Any CPU.Build.0 = Debug|Any CPU
		{758111DC-6196-4592-9660-257EFBB3FA09}.Release|Any CPU.ActiveCfg = Release|Any CPU
		{758111DC-6196-4592-9660-257EFBB3FA09}.Release|Any CPU.Build.0 = Release|Any CPU
		{2BE6EF27-1647-4A99-9876-7E4DEA3811CE}.Debug|Any CPU.ActiveCfg = Debug|Any CPU
		{2BE6EF27-1647-4A99-9876-7E4DEA3811CE}.Debug|Any CPU.Build.0 = Debug|Any CPU
		{2BE6EF27-1647-4A99-9876-7E4DEA3811CE}.Release|Any CPU.ActiveCfg = Release|Any CPU
		{2BE6EF27-1647-4A99-9876-7E4DEA3811CE}.Release|Any CPU.Build.0 = Release|Any CPU
		{A8C11E73-1B92-4B5C-A90A-077144A3102E}.Debug|Any CPU.ActiveCfg = Debug|Any CPU
		{A8C11E73-1B92-4B5C-A90A-077144A3102E}.Debug|Any CPU.Build.0 = Debug|Any CPU
		{A8C11E73-1B92-4B5C-A90A-077144A3102E}.Release|Any CPU.ActiveCfg = Release|Any CPU
		{A8C11E73-1B92-4B5C-A90A-077144A3102E}.Release|Any CPU.Build.0 = Release|Any CPU
		{1980097D-CB8B-42CF-96D4-74F02F460717}.Debug|Any CPU.ActiveCfg = Debug|Any CPU
		{1980097D-CB8B-42CF-96D4-74F02F460717}.Debug|Any CPU.Build.0 = Debug|Any CPU
		{1980097D-CB8B-42CF-96D4-74F02F460717}.Release|Any CPU.ActiveCfg = Release|Any CPU
		{1980097D-CB8B-42CF-96D4-74F02F460717}.Release|Any CPU.Build.0 = Release|Any CPU
		{8521C0ED-2271-4139-B27D-2710DC38318E}.Debug|Any CPU.ActiveCfg = Debug|Any CPU
		{8521C0ED-2271-4139-B27D-2710DC38318E}.Debug|Any CPU.Build.0 = Debug|Any CPU
		{8521C0ED-2271-4139-B27D-2710DC38318E}.Release|Any CPU.ActiveCfg = Release|Any CPU
		{8521C0ED-2271-4139-B27D-2710DC38318E}.Release|Any CPU.Build.0 = Release|Any CPU
	EndGlobalSection
	GlobalSection(SolutionProperties) = preSolution
		HideSolutionNode = FALSE
	EndGlobalSection
	GlobalSection(NestedProjects) = preSolution
		{0BEAFADF-B7B8-450D-99CD-2D9FE9AAA456} = {84D56F13-8655-4A8E-B8B5-68A32CE11995}
		{EA1F8948-6D65-4124-B859-B6DB9ADAAE62} = {84D56F13-8655-4A8E-B8B5-68A32CE11995}
		{F98C3E76-E774-40AC-8D5D-1CAED9E946BA} = {84D56F13-8655-4A8E-B8B5-68A32CE11995}
		{99B41207-DC41-42A4-A34B-B6B9AAF17449} = {21383E0F-FF8F-4A84-8D38-EEC5BAF1F175}
		{FDC2863B-35A6-43AB-88F7-C0CA7484BA8A} = {21383E0F-FF8F-4A84-8D38-EEC5BAF1F175}
		{D0F50494-1360-4462-83A2-969B7AD932B4} = {21383E0F-FF8F-4A84-8D38-EEC5BAF1F175}
		{CE5735AC-D155-4D13-945C-0390BD35807F} = {21383E0F-FF8F-4A84-8D38-EEC5BAF1F175}
		{ED578D42-E069-4411-AF8E-BAE5917D2B5B} = {21383E0F-FF8F-4A84-8D38-EEC5BAF1F175}
		{5D8FEEC7-7AB6-427B-948B-918C57D26C1D} = {21383E0F-FF8F-4A84-8D38-EEC5BAF1F175}
		{8671E98B-C424-45C7-B7FD-A5A607FBBEBA} = {86756A45-DDE7-49E2-8A1F-CF69B0D6D21E}
		{D28FEC69-8267-48B3-9350-F7E7FA8328F8} = {84D56F13-8655-4A8E-B8B5-68A32CE11995}
		{332AC22F-A7A7-4C8A-8406-81015B9F06B1} = {21383E0F-FF8F-4A84-8D38-EEC5BAF1F175}
		{0B89C820-730A-472E-B816-76BF4583D6E3} = {8881DD2E-6BFB-418D-B673-AC336EC56086}
		{C13C0A7F-572F-4DAD-A805-2816FB749F16} = {8881DD2E-6BFB-418D-B673-AC336EC56086}
		{1BCA1B5D-C83F-4267-ABE4-D239C7949E19} = {8881DD2E-6BFB-418D-B673-AC336EC56086}
		{3BCA98CF-EA9B-44E4-ACE9-C26DA3F2F887} = {8881DD2E-6BFB-418D-B673-AC336EC56086}
		{27DEB238-BFC1-4A97-B126-FC8FB885DE57} = {86756A45-DDE7-49E2-8A1F-CF69B0D6D21E}
		{3758F09E-BFB9-4FF7-85AC-0BE3AFC1C2AA} = {86756A45-DDE7-49E2-8A1F-CF69B0D6D21E}
		{BD610497-4508-4DEA-A69C-D328C9A7CC95} = {86756A45-DDE7-49E2-8A1F-CF69B0D6D21E}
		{B722ED5F-D2BE-40B5-9C7A-43CCAC633207} = {B55FA6A8-0ADE-4BC5-9A84-E17EF10850CE}
		{8C22062F-D126-4803-A687-A2519AE2093B} = {B55FA6A8-0ADE-4BC5-9A84-E17EF10850CE}
		{B2A50D52-5883-4556-A2AD-D9E39B51855E} = {B55FA6A8-0ADE-4BC5-9A84-E17EF10850CE}
		{BE2F5B8D-011D-4555-A771-9F6F452D438D} = {F34E5B03-E7A0-4151-9193-EEAE374A28FD}
		{7A31A44A-7EC3-4BD4-AEDE-3B6AEDB01049} = {F34E5B03-E7A0-4151-9193-EEAE374A28FD}
		{CEB4BC56-4AEA-4F48-BA0D-1C179160DA72} = {F34E5B03-E7A0-4151-9193-EEAE374A28FD}
		{758111DC-6196-4592-9660-257EFBB3FA09} = {F34E5B03-E7A0-4151-9193-EEAE374A28FD}
		{2BE6EF27-1647-4A99-9876-7E4DEA3811CE} = {F34E5B03-E7A0-4151-9193-EEAE374A28FD}
		{A8C11E73-1B92-4B5C-A90A-077144A3102E} = {F34E5B03-E7A0-4151-9193-EEAE374A28FD}
		{1980097D-CB8B-42CF-96D4-74F02F460717} = {F34E5B03-E7A0-4151-9193-EEAE374A28FD}
		{8521C0ED-2271-4139-B27D-2710DC38318E} = {F34E5B03-E7A0-4151-9193-EEAE374A28FD}
	EndGlobalSection
	GlobalSection(ExtensibilityGlobals) = postSolution
		SolutionGuid = {2557528F-3AD9-4E90-9074-67C23999A12C}
	EndGlobalSection
EndGlobal
